{
    "version": 3,
    "terraform_version": "0.11.11",
    "serial": 20,
    "lineage": "5c7384c3-0a78-8330-20ab-4b2494982b6e",
    "modules": [
        {
            "path": [
                "root"
            ],
            "outputs": {
                "lambda_arn": {
                    "sensitive": false,
                    "type": "list",
                    "value": []
                },
                "queue_id": {
                    "sensitive": false,
                    "type": "string",
                    "value": "http://localhost:4576/queue/hello"
                }
            },
            "resources": {
                "aws_sqs_queue.hello": {
                    "type": "aws_sqs_queue",
                    "depends_on": [
                        "aws_sqs_queue.hello_dl"
                    ],
                    "primary": {
                        "id": "http://localhost:4576/queue/hello",
                        "attributes": {
                            "arn": "arn:aws:sqs:elasticmq:000000000000:hello",
                            "content_based_deduplication": "false",
                            "delay_seconds": "1",
                            "fifo_queue": "false",
                            "id": "http://localhost:4576/queue/hello",
                            "max_message_size": "2048",
                            "message_retention_seconds": "86400",
                            "name": "hello",
                            "receive_wait_time_seconds": "10",
                            "redrive_policy": "{\"deadLetterTargetArn\":\"arn:aws:sqs:elasticmq:000000000000:hello-dlq\",\"maxReceiveCount\":4}",
                            "tags.%": "0",
                            "visibility_timeout_seconds": "300"
                        },
                        "meta": {},
                        "tainted": false
                    },
                    "deposed": [],
                    "provider": "provider.aws"
                },
                "aws_sqs_queue.hello_dl": {
                    "type": "aws_sqs_queue",
                    "depends_on": [],
                    "primary": {
                        "id": "http://localhost:4576/queue/hello-dlq",
                        "attributes": {
                            "arn": "arn:aws:sqs:elasticmq:000000000000:hello-dlq",
                            "content_based_deduplication": "false",
                            "delay_seconds": "0",
                            "fifo_queue": "false",
                            "id": "http://localhost:4576/queue/hello-dlq",
                            "max_message_size": "262144",
                            "message_retention_seconds": "345600",
                            "name": "hello-dlq",
                            "receive_wait_time_seconds": "0",
                            "tags.%": "0",
                            "visibility_timeout_seconds": "30"
                        },
                        "meta": {},
                        "tainted": false
                    },
                    "deposed": [],
                    "provider": "provider.aws"
                },
                "data.aws_caller_identity.current": {
                    "type": "aws_caller_identity",
                    "depends_on": [],
                    "primary": {
                        "id": "2019-02-19 23:20:13.536822 +0000 UTC",
                        "attributes": {
                            "account_id": "668628784939",
                            "arn": "arn:aws:iam::668628784939:user/bkeil",
                            "id": "2019-02-19 23:20:13.536822 +0000 UTC",
                            "user_id": "AIDAJZ53KJK2BO4W5TLQU"
                        },
                        "meta": {},
                        "tainted": false
                    },
                    "deposed": [],
                    "provider": "provider.aws"
                }
            },
            "depends_on": []
        }
    ]
}
